{
  "name": "rewindrewindcli",
  "version": "0.4.0",
  "lockfileVersion": 3,
  "requires": true,
  "packages": {
    "": {
      "name": "rewindrewindcli",
      "version": "0.4.0",
      "license": "MIT",
      "bin": {
        "rewindrewind": "bin/rewindrewind.mjs",
        "rewindrewindcli": "bin/rewindrewind.mjs",
        "rr": "bin/rewindrewind.mjs"
      },
      "engines": {
        "node": ">=18.18"
      }
    }
  }
}
